{
	"name": "jet-lag-the-game-leaderboard",
	"lockfileVersion": 3,
	"requires": true,
	"packages": {
		"": {
			"name": "jet-lag-the-game-leaderboard",
			"devDependencies": {
				"@types/lodash": "^4.17.10",
				"lodash": "^4.17.21",
				"typescript": "^5.5.3",
				"uhtml": "^4.5.11",
				"vite": "^5.4.8",
				"vite-plugin-singlefile": "^2.0.2"
			}
		},
		"node_modules/@esbuild/win32-x64": {
			"version": "0.21.5",
			"resolved": "https://registry.npmjs.org/@esbuild/win32-x64/-/win32-x64-0.21.5.tgz",
			"integrity": "sha512-tQd/1efJuzPC6rCFwEvLtci/xNFcTZknmXs98FYDfGE4wP9ClFV98nyKrzJKVPMhdDnjzLhdUyMX4PsQAPjwIw==",
			"cpu": [
				"x64"
			],
			"dev": true,
			"license": "MIT",
			"optional": true,
			"os": [
				"win32"
			],
			"engines": {
				"node": ">=12"
			}
		},
		"node_modules/@preact/signals-core": {
			"version": "1.8.0",
			"resolved": "https://registry.npmjs.org/@preact/signals-core/-/signals-core-1.8.0.tgz",
			"integrity": "sha512-OBvUsRZqNmjzCZXWLxkZfhcgT+Fk8DDcT/8vD6a1xhDemodyy87UJRJfASMuSD8FaAIeGgGm85ydXhm7lr4fyA==",
			"dev": true,
			"license": "MIT",
			"optional": true,
			"funding": {
				"type": "opencollective",
				"url": "https://opencollective.com/preact"
			}
		},
		"node_modules/@rollup/rollup-win32-x64-msvc": {
			"version": "4.24.0",
			"resolved": "https://registry.npmjs.org/@rollup/rollup-win32-x64-msvc/-/rollup-win32-x64-msvc-4.24.0.tgz",
			"integrity": "sha512-fbMkAF7fufku0N2dE5TBXcNlg0pt0cJue4xBRE2Qc5Vqikxr4VCgKj/ht6SMdFcOacVA9rqF70APJ8RN/4vMJw==",
			"cpu": [
				"x64"
			],
			"dev": true,
			"license": "MIT",
			"optional": true,
			"os": [
				"win32"
			]
		},
		"node_modules/@types/estree": {
			"version": "1.0.6",
			"resolved": "https://registry.npmjs.org/@types/estree/-/estree-1.0.6.tgz",
			"integrity": "sha512-AYnb1nQyY49te+VRAVgmzfcgjYS91mY5P0TKUDCLEM+gNnA+3T6rWITXRLYCpahpqSQbN5cE+gHpnPyXjHWxcw==",
			"dev": true,
			"license": "MIT"
		},
		"node_modules/@types/lodash": {
			"version": "4.17.10",
			"resolved": "https://registry.npmjs.org/@types/lodash/-/lodash-4.17.10.tgz",
			"integrity": "sha512-YpS0zzoduEhuOWjAotS6A5AVCva7X4lVlYLF0FYHAY9sdraBfnatttHItlWeZdGhuEkf+OzMNg2ZYAx8t+52uQ==",
			"dev": true,
			"license": "MIT"
		},
		"node_modules/@webreflection/signal": {
			"version": "2.1.2",
			"resolved": "https://registry.npmjs.org/@webreflection/signal/-/signal-2.1.2.tgz",
			"integrity": "sha512-0dW0fstQQkIt588JwhDiPS4xgeeQcQnBHn6MVInrBzmFlnLtzoSJL9G7JqdAlZVVi19tfb8R1QisZIT31cgiug==",
			"dev": true,
			"license": "ISC",
			"optional": true
		},
		"node_modules/@webreflection/uparser": {
			"version": "0.3.3",
			"resolved": "https://registry.npmjs.org/@webreflection/uparser/-/uparser-0.3.3.tgz",
			"integrity": "sha512-XxGfo8jr2eVuvP5lrmwjgMAM7QjtZ0ngFD+dd9Fd3GStcEb4QhLlTiqZYF5O3l5k4sU/V6ZiPrVCzCWXWFEmCw==",
			"dev": true,
			"license": "ISC",
			"dependencies": {
				"domconstants": "^1.1.6"
			}
		},
		"node_modules/braces": {
			"version": "3.0.3",
			"resolved": "https://registry.npmjs.org/braces/-/braces-3.0.3.tgz",
			"integrity": "sha512-yQbXgO/OSZVD2IsiLlro+7Hf6Q18EJrKSEsdoMzKePKXct3gvD8oLcOQdIzGupr5Fj+EDe8gO/lxc1BzfMpxvA==",
			"dev": true,
			"license": "MIT",
			"dependencies": {
				"fill-range": "^7.1.1"
			},
			"engines": {
				"node": ">=8"
			}
		},
		"node_modules/custom-function": {
			"version": "1.0.6",
			"resolved": "https://registry.npmjs.org/custom-function/-/custom-function-1.0.6.tgz",
			"integrity": "sha512-styyvwOki/EYr+VBe7/m9xAjq6uKx87SpDKIpFRdTQnofBDSZpBEFc9qJLmaJihjjTeEpAIJ+nz+9fUXj+BPNQ==",
			"dev": true,
			"license": "ISC"
		},
		"node_modules/dom-serializer": {
			"version": "2.0.0",
			"resolved": "https://registry.npmjs.org/dom-serializer/-/dom-serializer-2.0.0.tgz",
			"integrity": "sha512-wIkAryiqt/nV5EQKqQpo3SToSOV9J0DnbJqwK7Wv/Trc92zIAYZ4FlMu+JPFW1DfGFt81ZTCGgDEabffXeLyJg==",
			"dev": true,
			"license": "MIT",
			"dependencies": {
				"domelementtype": "^2.3.0",
				"domhandler": "^5.0.2",
				"entities": "^4.2.0"
			},
			"funding": {
				"url": "https://github.com/cheeriojs/dom-serializer?sponsor=1"
			}
		},
		"node_modules/domconstants": {
			"version": "1.1.6",
			"resolved": "https://registry.npmjs.org/domconstants/-/domconstants-1.1.6.tgz",
			"integrity": "sha512-CuaDrThJ4VM+LyZ4ax8n52k0KbLJZtffyGkuj1WhpTRRcSfcy/9DfOBa68jenhX96oNUTunblSJEUNC4baFdmQ==",
			"dev": true,
			"license": "ISC"
		},
		"node_modules/domelementtype": {
			"version": "2.3.0",
			"resolved": "https://registry.npmjs.org/domelementtype/-/domelementtype-2.3.0.tgz",
			"integrity": "sha512-OLETBj6w0OsagBwdXnPdN0cnMfF9opN69co+7ZrbfPGrdpPVNBUj02spi6B1N7wChLQiPn4CSH/zJvXw56gmHw==",
			"dev": true,
			"funding": [
				{
					"type": "github",
					"url": "https://github.com/sponsors/fb55"
				}
			],
			"license": "BSD-2-Clause"
		},
		"node_modules/domhandler": {
			"version": "5.0.3",
			"resolved": "https://registry.npmjs.org/domhandler/-/domhandler-5.0.3.tgz",
			"integrity": "sha512-cgwlv/1iFQiFnU96XXgROh8xTeetsnJiDsTc7TYCLFd9+/WNkIqPTxiM/8pSd8VIrhXGTf1Ny1q1hquVqDJB5w==",
			"dev": true,
			"license": "BSD-2-Clause",
			"dependencies": {
				"domelementtype": "^2.3.0"
			},
			"engines": {
				"node": ">= 4"
			},
			"funding": {
				"url": "https://github.com/fb55/domhandler?sponsor=1"
			}
		},
		"node_modules/domutils": {
			"version": "3.1.0",
			"resolved": "https://registry.npmjs.org/domutils/-/domutils-3.1.0.tgz",
			"integrity": "sha512-H78uMmQtI2AhgDJjWeQmHwJJ2bLPD3GMmO7Zja/ZZh84wkm+4ut+IUnUdRa8uCGX88DiVx1j6FRe1XfxEgjEZA==",
			"dev": true,
			"license": "BSD-2-Clause",
			"dependencies": {
				"dom-serializer": "^2.0.0",
				"domelementtype": "^2.3.0",
				"domhandler": "^5.0.3"
			},
			"funding": {
				"url": "https://github.com/fb55/domutils?sponsor=1"
			}
		},
		"node_modules/entities": {
			"version": "4.5.0",
			"resolved": "https://registry.npmjs.org/entities/-/entities-4.5.0.tgz",
			"integrity": "sha512-V0hjH4dGPh9Ao5p0MoRY6BVqtwCjhz6vI5LT8AJ55H+4g9/4vbHx1I54fS0XuclLhDHArPQCiMjDxjaL8fPxhw==",
			"dev": true,
			"license": "BSD-2-Clause",
			"engines": {
				"node": ">=0.12"
			},
			"funding": {
				"url": "https://github.com/fb55/entities?sponsor=1"
			}
		},
		"node_modules/esbuild": {
			"version": "0.21.5",
			"resolved": "https://registry.npmjs.org/esbuild/-/esbuild-0.21.5.tgz",
			"integrity": "sha512-mg3OPMV4hXywwpoDxu3Qda5xCKQi+vCTZq8S9J/EpkhB2HzKXq4SNFZE3+NK93JYxc8VMSep+lOUSC/RVKaBqw==",
			"dev": true,
			"hasInstallScript": true,
			"license": "MIT",
			"bin": {
				"esbuild": "bin/esbuild"
			},
			"engines": {
				"node": ">=12"
			},
			"optionalDependencies": {
				"@esbuild/aix-ppc64": "0.21.5",
				"@esbuild/android-arm": "0.21.5",
				"@esbuild/android-arm64": "0.21.5",
				"@esbuild/android-x64": "0.21.5",
				"@esbuild/darwin-arm64": "0.21.5",
				"@esbuild/darwin-x64": "0.21.5",
				"@esbuild/freebsd-arm64": "0.21.5",
				"@esbuild/freebsd-x64": "0.21.5",
				"@esbuild/linux-arm": "0.21.5",
				"@esbuild/linux-arm64": "0.21.5",
				"@esbuild/linux-ia32": "0.21.5",
				"@esbuild/linux-loong64": "0.21.5",
				"@esbuild/linux-mips64el": "0.21.5",
				"@esbuild/linux-ppc64": "0.21.5",
				"@esbuild/linux-riscv64": "0.21.5",
				"@esbuild/linux-s390x": "0.21.5",
				"@esbuild/linux-x64": "0.21.5",
				"@esbuild/netbsd-x64": "0.21.5",
				"@esbuild/openbsd-x64": "0.21.5",
				"@esbuild/sunos-x64": "0.21.5",
				"@esbuild/win32-arm64": "0.21.5",
				"@esbuild/win32-ia32": "0.21.5",
				"@esbuild/win32-x64": "0.21.5"
			}
		},
		"node_modules/fill-range": {
			"version": "7.1.1",
			"resolved": "https://registry.npmjs.org/fill-range/-/fill-range-7.1.1.tgz",
			"integrity": "sha512-YsGpe3WHLK8ZYi4tWDg2Jy3ebRz2rXowDxnld4bkQB00cc/1Zw9AWnC0i9ztDJitivtQvaI9KaLyKrc+hBW0yg==",
			"dev": true,
			"license": "MIT",
			"dependencies": {
				"to-regex-range": "^5.0.1"
			},
			"engines": {
				"node": ">=8"
			}
		},
		"node_modules/gc-hook": {
			"version": "0.4.1",
			"resolved": "https://registry.npmjs.org/gc-hook/-/gc-hook-0.4.1.tgz",
			"integrity": "sha512-uiF+uUftDVLr+VRdudsdsT3/LQYnv2ntwhRH964O7xXDI57Smrek5olv75Wb8Nnz6U+7iVTRXsBlxKcsaDTJTQ==",
			"dev": true,
			"license": "ISC"
		},
		"node_modules/html-escaper": {
			"version": "3.0.3",
			"resolved": "https://registry.npmjs.org/html-escaper/-/html-escaper-3.0.3.tgz",
			"integrity": "sha512-RuMffC89BOWQoY0WKGpIhn5gX3iI54O6nRA0yC124NYVtzjmFWBIiFd8M0x+ZdX0P9R4lADg1mgP8C7PxGOWuQ==",
			"dev": true,
			"license": "MIT"
		},
		"node_modules/htmlparser2": {
			"version": "9.1.0",
			"resolved": "https://registry.npmjs.org/htmlparser2/-/htmlparser2-9.1.0.tgz",
			"integrity": "sha512-5zfg6mHUoaer/97TxnGpxmbR7zJtPwIYFMZ/H5ucTlPZhKvtum05yiPK3Mgai3a0DyVxv7qYqoweaEd2nrYQzQ==",
			"dev": true,
			"funding": [
				"https://github.com/fb55/htmlparser2?sponsor=1",
				{
					"type": "github",
					"url": "https://github.com/sponsors/fb55"
				}
			],
			"license": "MIT",
			"dependencies": {
				"domelementtype": "^2.3.0",
				"domhandler": "^5.0.3",
				"domutils": "^3.1.0",
				"entities": "^4.5.0"
			}
		},
		"node_modules/is-number": {
			"version": "7.0.0",
			"resolved": "https://registry.npmjs.org/is-number/-/is-number-7.0.0.tgz",
			"integrity": "sha512-41Cifkg6e8TylSpdtTpeLVMqvSBEVzTttHvERD741+pnZ8ANv0004MRL43QKPDlK9cGvNp6NZWZUBlbGXYxxng==",
			"dev": true,
			"license": "MIT",
			"engines": {
				"node": ">=0.12.0"
			}
		},
		"node_modules/lodash": {
			"version": "4.17.21",
			"resolved": "https://registry.npmjs.org/lodash/-/lodash-4.17.21.tgz",
			"integrity": "sha512-v2kDEe57lecTulaDIuNTPy3Ry4gLGJ6Z1O3vE1krgXZNrsQ+LFTGHVxVjcXPs17LhbZVGedAJv8XZ1tvj5FvSg==",
			"dev": true,
			"license": "MIT"
		},
		"node_modules/micromatch": {
			"version": "4.0.8",
			"resolved": "https://registry.npmjs.org/micromatch/-/micromatch-4.0.8.tgz",
			"integrity": "sha512-PXwfBhYu0hBCPw8Dn0E+WDYb7af3dSLVWKi3HGv84IdF4TyFoC0ysxFd0Goxw7nSv4T/PzEJQxsYsEiFCKo2BA==",
			"dev": true,
			"license": "MIT",
			"dependencies": {
				"braces": "^3.0.3",
				"picomatch": "^2.3.1"
			},
			"engines": {
				"node": ">=8.6"
			}
		},
		"node_modules/nanoid": {
			"version": "3.3.7",
			"resolved": "https://registry.npmjs.org/nanoid/-/nanoid-3.3.7.tgz",
			"integrity": "sha512-eSRppjcPIatRIMC1U6UngP8XFcz8MQWGQdt1MTBQ7NaAmvXDfvNxbvWV3x2y6CdEUciCSsDHDQZbhYaB8QEo2g==",
			"dev": true,
			"funding": [
				{
					"type": "github",
					"url": "https://github.com/sponsors/ai"
				}
			],
			"license": "MIT",
			"bin": {
				"nanoid": "bin/nanoid.cjs"
			},
			"engines": {
				"node": "^10 || ^12 || ^13.7 || ^14 || >=15.0.1"
			}
		},
		"node_modules/picocolors": {
			"version": "1.1.0",
			"resolved": "https://registry.npmjs.org/picocolors/-/picocolors-1.1.0.tgz",
			"integrity": "sha512-TQ92mBOW0l3LeMeyLV6mzy/kWr8lkd/hp3mTg7wYK7zJhuBStmGMBG0BdeDZS/dZx1IukaX6Bk11zcln25o1Aw==",
			"dev": true,
			"license": "ISC"
		},
		"node_modules/picomatch": {
			"version": "2.3.1",
			"resolved": "https://registry.npmjs.org/picomatch/-/picomatch-2.3.1.tgz",
			"integrity": "sha512-JU3teHTNjmE2VCGFzuY8EXzCDVwEqB2a8fsIvwaStHhAWJEeVd1o1QD80CU6+ZdEXXSLbSsuLwJjkCBWqRQUVA==",
			"dev": true,
			"license": "MIT",
			"engines": {
				"node": ">=8.6"
			},
			"funding": {
				"url": "https://github.com/sponsors/jonschlinkert"
			}
		},
		"node_modules/postcss": {
			"version": "8.4.47",
			"resolved": "https://registry.npmjs.org/postcss/-/postcss-8.4.47.tgz",
			"integrity": "sha512-56rxCq7G/XfB4EkXq9Egn5GCqugWvDFjafDOThIdMBsI15iqPqR5r15TfSr1YPYeEI19YeaXMCbY6u88Y76GLQ==",
			"dev": true,
			"funding": [
				{
					"type": "opencollective",
					"url": "https://opencollective.com/postcss/"
				},
				{
					"type": "tidelift",
					"url": "https://tidelift.com/funding/github/npm/postcss"
				},
				{
					"type": "github",
					"url": "https://github.com/sponsors/ai"
				}
			],
			"license": "MIT",
			"dependencies": {
				"nanoid": "^3.3.7",
				"picocolors": "^1.1.0",
				"source-map-js": "^1.2.1"
			},
			"engines": {
				"node": "^10 || ^12 || >=14"
			}
		},
		"node_modules/rollup": {
			"version": "4.24.0",
			"resolved": "https://registry.npmjs.org/rollup/-/rollup-4.24.0.tgz",
			"integrity": "sha512-DOmrlGSXNk1DM0ljiQA+i+o0rSLhtii1je5wgk60j49d1jHT5YYttBv1iWOnYSTG+fZZESUOSNiAl89SIet+Cg==",
			"dev": true,
			"license": "MIT",
			"dependencies": {
				"@types/estree": "1.0.6"
			},
			"bin": {
				"rollup": "dist/bin/rollup"
			},
			"engines": {
				"node": ">=18.0.0",
				"npm": ">=8.0.0"
			},
			"optionalDependencies": {
				"@rollup/rollup-android-arm-eabi": "4.24.0",
				"@rollup/rollup-android-arm64": "4.24.0",
				"@rollup/rollup-darwin-arm64": "4.24.0",
				"@rollup/rollup-darwin-x64": "4.24.0",
				"@rollup/rollup-linux-arm-gnueabihf": "4.24.0",
				"@rollup/rollup-linux-arm-musleabihf": "4.24.0",
				"@rollup/rollup-linux-arm64-gnu": "4.24.0",
				"@rollup/rollup-linux-arm64-musl": "4.24.0",
				"@rollup/rollup-linux-powerpc64le-gnu": "4.24.0",
				"@rollup/rollup-linux-riscv64-gnu": "4.24.0",
				"@rollup/rollup-linux-s390x-gnu": "4.24.0",
				"@rollup/rollup-linux-x64-gnu": "4.24.0",
				"@rollup/rollup-linux-x64-musl": "4.24.0",
				"@rollup/rollup-win32-arm64-msvc": "4.24.0",
				"@rollup/rollup-win32-ia32-msvc": "4.24.0",
				"@rollup/rollup-win32-x64-msvc": "4.24.0",
				"fsevents": "~2.3.2"
			}
		},
		"node_modules/source-map-js": {
			"version": "1.2.1",
			"resolved": "https://registry.npmjs.org/source-map-js/-/source-map-js-1.2.1.tgz",
			"integrity": "sha512-UXWMKhLOwVKb728IUtQPXxfYU+usdybtUrK/8uGE8CQMvrhOpwvzDBwj0QhSL7MQc7vIsISBG8VQ8+IDQxpfQA==",
			"dev": true,
			"license": "BSD-3-Clause",
			"engines": {
				"node": ">=0.10.0"
			}
		},
		"node_modules/to-regex-range": {
			"version": "5.0.1",
			"resolved": "https://registry.npmjs.org/to-regex-range/-/to-regex-range-5.0.1.tgz",
			"integrity": "sha512-65P7iz6X5yEr1cwcgvQxbbIw7Uk3gOy5dIdtZ4rDveLqhrdJP+Li/Hx6tyK0NEb+2GCyneCMJiGqrADCSNk8sQ==",
			"dev": true,
			"license": "MIT",
			"dependencies": {
				"is-number": "^7.0.0"
			},
			"engines": {
				"node": ">=8.0"
			}
		},
		"node_modules/typescript": {
			"version": "5.6.2",
			"resolved": "https://registry.npmjs.org/typescript/-/typescript-5.6.2.tgz",
			"integrity": "sha512-NW8ByodCSNCwZeghjN3o+JX5OFH0Ojg6sadjEKY4huZ52TqbJTJnDo5+Tw98lSy63NZvi4n+ez5m2u5d4PkZyw==",
			"dev": true,
			"license": "Apache-2.0",
			"bin": {
				"tsc": "bin/tsc",
				"tsserver": "bin/tsserver"
			},
			"engines": {
				"node": ">=14.17"
			}
		},
		"node_modules/udomdiff": {
			"version": "1.1.0",
			"resolved": "https://registry.npmjs.org/udomdiff/-/udomdiff-1.1.0.tgz",
			"integrity": "sha512-aqjTs5x/wsShZBkVagdafJkP8S3UMGhkHKszsu1cszjjZ7iOp86+Qb3QOFYh01oWjPMy5ZTuxD6hw5uTKxd+VA==",
			"dev": true,
			"license": "ISC"
		},
		"node_modules/uhtml": {
			"version": "4.5.11",
			"resolved": "https://registry.npmjs.org/uhtml/-/uhtml-4.5.11.tgz",
			"integrity": "sha512-Jbcrdmc5rwLUJotyX7mi1jBkAnGjjQ9hg0xomKXl7JfHL5KMvpOUJCAWA7FY+IMcAWqZM2NsJMVlwJQjLK4gNw==",
			"dev": true,
			"license": "MIT",
			"dependencies": {
				"@webreflection/uparser": "^0.3.3",
				"custom-function": "^1.0.6",
				"domconstants": "^1.1.6",
				"gc-hook": "^0.4.1",
				"html-escaper": "^3.0.3",
				"htmlparser2": "^9.1.0",
				"udomdiff": "^1.1.0"
			},
			"optionalDependencies": {
				"@preact/signals-core": "^1.8.0",
				"@webreflection/signal": "^2.1.2"
			}
		},
		"node_modules/vite": {
			"version": "5.4.8",
			"resolved": "https://registry.npmjs.org/vite/-/vite-5.4.8.tgz",
			"integrity": "sha512-FqrItQ4DT1NC4zCUqMB4c4AZORMKIa0m8/URVCZ77OZ/QSNeJ54bU1vrFADbDsuwfIPcgknRkmqakQcgnL4GiQ==",
			"dev": true,
			"license": "MIT",
			"dependencies": {
				"esbuild": "^0.21.3",
				"postcss": "^8.4.43",
				"rollup": "^4.20.0"
			},
			"bin": {
				"vite": "bin/vite.js"
			},
			"engines": {
				"node": "^18.0.0 || >=20.0.0"
			},
			"funding": {
				"url": "https://github.com/vitejs/vite?sponsor=1"
			},
			"optionalDependencies": {
				"fsevents": "~2.3.3"
			},
			"peerDependencies": {
				"@types/node": "^18.0.0 || >=20.0.0",
				"less": "*",
				"lightningcss": "^1.21.0",
				"sass": "*",
				"sass-embedded": "*",
				"stylus": "*",
				"sugarss": "*",
				"terser": "^5.4.0"
			},
			"peerDependenciesMeta": {
				"@types/node": {
					"optional": true
				},
				"less": {
					"optional": true
				},
				"lightningcss": {
					"optional": true
				},
				"sass": {
					"optional": true
				},
				"sass-embedded": {
					"optional": true
				},
				"stylus": {
					"optional": true
				},
				"sugarss": {
					"optional": true
				},
				"terser": {
					"optional": true
				}
			}
		},
		"node_modules/vite-plugin-singlefile": {
			"version": "2.0.2",
			"resolved": "https://registry.npmjs.org/vite-plugin-singlefile/-/vite-plugin-singlefile-2.0.2.tgz",
			"integrity": "sha512-Z2ou6HcvED5CF0hM+vcFSaFa+klyS8RyyLxW0PbMRLnMbvzTI6ueWyxdYNFhpuXZgz/aj6+E/dHFTdEcw6gb9w==",
			"dev": true,
			"license": "MIT",
			"dependencies": {
				"micromatch": "^4.0.7"
			},
			"engines": {
				"node": ">18.0.0"
			},
			"peerDependencies": {
				"rollup": "^4.18.0",
				"vite": "^5.3.1"
			}
		}
	}
}
